# This file was autogenerated by Stack.
# You should not edit this file by hand.
# For more information, please see the documentation at:
#   https://docs.haskellstack.org/en/stable/lock_files

packages:
- completed:
    hackage: hakyll-4.11.0.0@sha256:3ada948c0d2f0bb01cbd9181adba1f9b37857bdd9287186c3143b89453bee791,9964
    pantry-tree:
      size: 7475
      sha256: 250bfe788e6933a9dfcc95c030a4272dfb9f2f982ac25002bf4a256b000c15d8
  original:
    hackage: hakyll-4.11.0.0
- completed:
    hackage: pandoc-citeproc-0.13.0.1@sha256:7f45aaa1126a7f88f2bcfb1c0c6b3ca017dc6115c7beac6dfe82c75131a5f4ac,7617
    pantry-tree:
      size: 21489
      sha256: 6bd7503e4aa1448cbb96873bac0feac117b0ddf087828570bc518d4ffb53a089
  original:
    hackage: pandoc-citeproc-0.13.0.1
- completed:
    hackage: pptable-0.3.0.0@sha256:ebb59dab8a078784d5e0c0c0b07cc22ef687a55eb7f03fb875eb33cfdfce3a30,2498
    pantry-tree:
      size: 435
      sha256: e1c8731dcb7050da9e1314a0ae029a888d6bacd375dc26d89dcf8a302207c6f8
  original:
    hackage: pptable-0.3.0.0
snapshots:
- completed:
    size: 500539
    url: https://raw.githubusercontent.com/commercialhaskell/stackage-snapshots/master/lts/13/30.yaml
    sha256: 59ad6b944c9903847fecdc1d4815e8500c1f9999d80fd1b4d2d66e408faec44b
  original: lts-13.30
